# This file is autogenerated, do not edit; changes may be undone by the next 'dep ensure'.


[[projects]]
  digest = "1:dc0a140b800cff3e341d7f7581292a27e0f781ae5c442d2e68020e74d7f51ca8"
  name = "github.com/Novetta/geom"
  packages = [
    ".",
    "mgrs",
  ]
  pruneopts = "UT"
  revision = "891c93d840fd32c9fa107552aaccf500839c86fa"
  version = "v1.0.2"

[[projects]]
  digest = "1:d4f0830a5263bb5ba3b82ca66723bc4b797956e6aef4bc5a3cfdc71252e15a45"
  name = "github.com/Novetta/go.datatypes"
  packages = ["."]
  pruneopts = "UT"
  revision = "3b0e9fe8f06b0f6559054e7de98b6458fc6cfd5b"
  version = "v1.0.4"

[[projects]]
  digest = "1:1f7005fc5cdd63c271e507bb2de24e47efcf6014cef7b811cfeb89cb101e1e1e"
  name = "github.com/Novetta/go.logging"
  packages = ["."]
  pruneopts = "UT"
  revision = "8a28a10d66d66d87128aee6bf042679461eed082"
  version = "v1.0.3"

[[projects]]
  digest = "1:a34c80b237135fd3da9443919ffcfe94b37a403ba52153e9f6db4b010d39bfb0"
  name = "github.com/Novetta/go.util"
  packages = ["."]
  pruneopts = "UT"
  revision = "1df0441bad26fefa4a2e027a4106210fcfb5d41d"
  version = "v1.0.6"

[[projects]]
  digest = "1:c83053d809c5d8978cc2ee50e4591f498d254b1140a501b94f0616b8ed600fed"
  name = "github.com/Novetta/networking"
  packages = [
    ".",
    "httputil",
    "networkutil",
    "wsclient",
  ]
  pruneopts = "UT"
  revision = "9e2c56ae33a939314a16c0e48694a01b30d27415"
  version = "v1.0.11"

[[projects]]
  digest = "1:0780f5e029ed8c6de9418e8377b0adfa5cbde8c4e978be21d0ac121c71a73917"
  name = "github.com/Novetta/security"
  packages = [
    ".",
    "classifications",
    "clientAuthentication",
    "kerbtypes",
    "secutils",
  ]
  pruneopts = "UT"
  revision = "1fc3bf137bbb31a39bbe0f12f4517d73c58c8767"
  version = "v1.0.16"

[[projects]]
  branch = "master"
  digest = "1:71d5a9a5f6cdb2d0e65a00daa9d1bc4b1f0c4be0c60a486f2c8a4abc23289983"
  name = "github.com/TomiHiltunen/geohash-golang"
  packages = ["."]
  pruneopts = "UT"
  revision = "b3e4e625abfb033eb0ae83c0566afcea2f138206"

[[projects]]
  digest = "1:63bd62f5b57c55f0e07c9f8a76d841c7fa74905cc3cb6b8a55e923450f4bee81"
  name = "github.com/codegangsta/inject"
  packages = ["."]
  pruneopts = "UT"
  revision = "37d7f8432a3e684eef9b2edece76bdfa6ac85b39"
  version = "v1.0-rc1"

[[projects]]
  digest = "1:865079840386857c809b72ce300be7580cb50d3d3129ce11bf9aa6ca2bc1934a"
  name = "github.com/fatih/color"
  packages = ["."]
  pruneopts = "UT"
  revision = "5b77d2a35fb0ede96d138fc9a99f5c9b6aef11b4"
  version = "v1.7.0"

[[projects]]
  branch = "master"
  digest = "1:5f1d44e13c151d777a80b0d8ca850347530773e73ccce5995a520cdc6947c205"
  name = "github.com/fatih/set"
  packages = ["."]
  pruneopts = "UT"
  revision = "2c768e3c5489976167bfc42b5c7c92ca783f4389"

[[projects]]
  branch = "master"
  digest = "1:1601cc317f4ea31a17527001b3d06e65a6c6654dcab3b1cd2c7669e4ec4ec3d6"
  name = "github.com/go-martini/martini"
  packages = ["."]
  pruneopts = "UT"
  revision = "22fa46961aabd2665cf3f1343b146d20028f5071"

[[projects]]
  branch = "master"
  digest = "1:d21f3471df3c4109c9b7c5569363a082b9fcde4fea49e4ce332ad307cfc4e359"
  name = "github.com/gocql/gocql"
  packages = [
    ".",
    "internal/lru",
    "internal/murmur",
    "internal/streams",
  ]
  pruneopts = "UT"
  revision = "44e29ed5b8a4b4fff39d7ebaa19976c6f852075b"

[[projects]]
  branch = "master"
  digest = "1:4a0c6bb4805508a6287675fac876be2ac1182539ca8a32468d8128882e9d5009"
  name = "github.com/golang/snappy"
  packages = ["."]
  pruneopts = "UT"
  revision = "2e65f85255dbc3072edf28d6b5b8efc472979f5a"

[[projects]]
  digest = "1:7b5c6e2eeaa9ae5907c391a91c132abfd5c9e8a784a341b5625e750c67e6825d"
  name = "github.com/gorilla/websocket"
  packages = ["."]
  pruneopts = "UT"
  revision = "66b9c49e59c6c48f0ffce28c2d8b8a5678502c6d"
  version = "v1.4.0"

[[projects]]
  branch = "master"
  digest = "1:364b908b9b27b97ab838f2f6f1b1f46281fa29b978a037d72a9b1d4f6d940190"
  name = "github.com/hailocab/go-hostpool"
  packages = ["."]
  pruneopts = "UT"
  revision = "e80d13ce29ede4452c43dea11e79b9bc8a15b478"

[[projects]]
  branch = "master"
  digest = "1:047791023a60f1bc9afeba332f451da12ebf93afd17156c9ea03ffa04db7f876"
  name = "github.com/martini-contrib/encoder"
  packages = ["."]
  pruneopts = "UT"
  revision = "f07f7dc73cdc5a53edf55023530b77c7edb8542a"

[[projects]]
  branch = "master"
  digest = "1:385dbf11d143d878a1f790e85ec131cef67c01e58a40bd8fb3c9c50bbab8b88e"
  name = "github.com/martini-contrib/gzip"
  packages = ["."]
  pruneopts = "UT"
  revision = "6c035326b43f79aa18793d2f1db512d21253ea61"

[[projects]]
  digest = "1:c658e84ad3916da105a761660dcaeb01e63416c8ec7bc62256a9b411a05fcd67"
  name = "github.com/mattn/go-colorable"
  packages = ["."]
  pruneopts = "UT"
  revision = "167de6bfdfba052fa6b2d3664c8f5272e23c9072"
  version = "v0.0.9"

[[projects]]
  digest = "1:0981502f9816113c9c8c4ac301583841855c8cf4da8c72f696b3ebedf6d0e4e5"
  name = "github.com/mattn/go-isatty"
  packages = ["."]
  pruneopts = "UT"
  revision = "6ca4dbf54d38eea1a992b3c722a76a5d1c4cb25c"
  version = "v0.0.4"

[[projects]]
  branch = "master"
  digest = "1:491983cb428172d37ae569ed1fcd379fd605721cf6b3f5324a449cbfda0e4675"
  name = "github.com/the42/cartconvert"
  packages = ["cartconvert"]
  pruneopts = "UT"
  revision = "aae784c392b8da68ad2f02eda43c51cf0fd1aa37"

[[projects]]
  branch = "master"
  digest = "1:8c73c37fcecb594d12ebda1264cb86a53b924664e74e5324660ff615c6ff5307"
  name = "golang.org/x/net"
  packages = [
    "bpf",
    "internal/iana",
    "internal/socket",
    "ipv4",
  ]
  pruneopts = "UT"
  revision = "49bb7cea24b1df9410e1712aa6433dae904ff66a"

[[projects]]
  branch = "master"
  digest = "1:0a40b0bdd57a93e741d8557465be3a2edeec408e9b6399586ad65bbe8e355796"
  name = "golang.org/x/sys"
  packages = ["unix"]
  pruneopts = "UT"
  revision = "fa43e7bc11baaae89f3f902b2b4d832b68234844"

[[projects]]
  digest = "1:2d1fbdc6777e5408cabeb02bf336305e724b925ff4546ded0fa8715a7267922a"
  name = "gopkg.in/inf.v0"
  packages = ["."]
  pruneopts = "UT"
  revision = "d2d2541c53f18d2a059457998ce2876cc8e67cbf"
  version = "v0.9.1"

[[projects]]
  digest = "1:342378ac4dcb378a5448dd723f0784ae519383532f5e70ade24132c4c8693202"
  name = "gopkg.in/yaml.v2"
  packages = ["."]
  pruneopts = "UT"
  revision = "5420a8b6744d3b0345ab293f6fcba19c978f1183"
  version = "v2.2.1"

[solve-meta]
  analyzer-name = "dep"
  analyzer-version = 1
  input-imports = [
    "github.com/Novetta/go.datatypes",
    "github.com/Novetta/go.logging",
    "github.com/Novetta/networking/httputil",
    "github.com/Novetta/security/kerbtypes",
    "github.com/martini-contrib/encoder",
  ]
  solver-name = "gps-cdcl"
  solver-version = 1
